github.com/a-h/templ v0.2.707 h1:T1Gkd2ugbRglZ9rYw/VBchWOSZVKmetDbBkm4YubM7U=
github.com/a-h/templ v0.2.707/go.mod h1:5cqsugkq9IerRNucNsI4DEamdHPsoGMQy99DzydLhM8=
github.com/anthdm/gothkit v0.0.0-20240606095122-e65b6d50b1a7/go.mod h1:QLre7XyvsU9RKQKh0XFXUX+L5Lfph2jViZgtdfIDKsQ=
github.com/anthdm/gothkit v0.0.0-20240606141535-31a222db1a4a h1:0g//UhjEaQsXsNXrZaXvlFIIpNcTi44AW2s5GwFvl6o=
github.com/anthdm/gothkit v0.0.0-20240606141535-31a222db1a4a/go.mod h1:ppehL6Nf6qf1HiozXFELwbh84SDR/aO9zdHmcJwxNng=
github.com/anthdm/gothkit v0.0.0-20240607073122-99cbc94b2cc1 h1:xYWzcL00bz5nlYIXe23l61h8ry539wK83CXXw+w6evw=
github.com/anthdm/gothkit v0.0.0-20240607073122-99cbc94b2cc1/go.mod h1:ppehL6Nf6qf1HiozXFELwbh84SDR/aO9zdHmcJwxNng=
github.com/anthdm/gothkit v0.0.0-20240607090309-1b5fc6bda9a4 h1:VFCgfPhlyhZk56NauI+TBhKJC1mR3ICfX+7Q28EVbB8=
github.com/anthdm/gothkit v0.0.0-20240607090309-1b5fc6bda9a4/go.mod h1:ppehL6Nf6qf1HiozXFELwbh84SDR/aO9zdHmcJwxNng=
github.com/anthdm/gothkit v0.0.0-20240608091251-8198dfa775c8 h1:2C+WGVrNvIiSLFLJRRgKasJ8aWXR2pfsOh3T5flcMwI=
github.com/anthdm/gothkit v0.0.0-20240608091251-8198dfa775c8/go.mod h1:/zW/YMI9hOvRTQwmpfRU+CoJ+m4LZYuzC496KFOJAM8=
github.com/fatih/color v1.16.0 h1:zmkK9Ngbjj+K0yRhTVONQh1p/HknKYSlNT+vZCzyokM=
github.com/fatih/color v1.16.0/go.mod h1:fL2Sau1YI5c0pdGEVCbKQbLXB6edEj1ZgiY4NijnWvE=
github.com/go-chi/chi/v5 v5.0.12 h1:9euLV5sTrTNTRUU9POmDUvfxyj6LAABLUcEWO+JJb4s=
github.com/go-chi/chi/v5 v5.0.12/go.mod h1:DslCQbL2OYiznFReuXYUmQ2hGd1aDpCnlMNITLSKoi8=
github.com/jinzhu/inflection v1.0.0 h1:K317FqzuhWc8YvSVlFMCCUb36O/S9MCKRDI7QkRKD/E=
github.com/jinzhu/inflection v1.0.0/go.mod h1:h+uFLlag+Qp1Va5pdKtLDYj+kHp5pxUVkryuEj+Srlc=
github.com/joho/godotenv v1.5.1 h1:7eLL/+HRGLY0ldzfGMeQkb7vMd0as4CfYvUVzLqw0N0=
github.com/joho/godotenv v1.5.1/go.mod h1:f4LDr5Voq0i2e/R5DDNOoa2zzDfwtkZa6DnEwAbqwq4=
github.com/mattn/go-colorable v0.1.13 h1:fFA4WZxdEF4tXPZVKMLwD8oUnCTTo08duU7wxecdEvA=
github.com/mattn/go-colorable v0.1.13/go.mod h1:7S9/ev0klgBDR4GtXTXX8a3vIGJpMovkB8vQcUbaXHg=
github.com/mattn/go-isatty v0.0.16/go.mod h1:kYGgaQfpe5nmfYZH+SKPsOc2e4SrIfOl2e/yFXSvRLM=
github.com/mattn/go-isatty v0.0.20 h1:xfD0iDuEKnDkl03q4limB+vH+GxLEtL/jb4xVJSWWEY=
github.com/mattn/go-isatty v0.0.20/go.mod h1:W+V8PltTTMOvKvAeJH7IuucS94S2C6jfK/D7dTCTo3Y=
github.com/mattn/go-sqlite3 v1.14.22 h1:2gZY6PC6kBnID23Tichd1K+Z0oS6nE/XwU+Vz/5o4kU=
github.com/mattn/go-sqlite3 v1.14.22/go.mod h1:Uh1q+B4BYcTPb+yiD3kU8Ct7aC0hY9fxUwlHK0RXw+Y=
github.com/tmthrgd/go-hex v0.0.0-20190904060850-447a3041c3bc h1:9lRDQMhESg+zvGYmW5DyG0UqvY96Bu5QYsTLvCHdrgo=
github.com/tmthrgd/go-hex v0.0.0-20190904060850-447a3041c3bc/go.mod h1:bciPuU6GHm1iF1pBvUfxfsH0Wmnc2VbpgvbI9ZWuIRs=
github.com/uptrace/bun v1.2.1 h1:2ENAcfeCfaY5+2e7z5pXrzFKy3vS8VXvkCag6N2Yzfk=
github.com/uptrace/bun v1.2.1/go.mod h1:cNg+pWBUMmJ8rHnETgf65CEvn3aIKErrwOD6IA8e+Ec=
github.com/uptrace/bun/dialect/sqlitedialect v1.2.1 h1:IprvkIKUjEjvt4VKpcmLpbMIucjrsmUPJOSlg19+a0Q=
github.com/uptrace/bun/dialect/sqlitedialect v1.2.1/go.mod h1:mMQf4NUpgY8bnOanxGmxNiHCdALOggS4cZ3v63a9D/o=
github.com/uptrace/bun/extra/bundebug v1.2.1 h1:85MYpX3QESYI02YerKxUi1CD9mHuLrc2BXs1eOCtQus=
github.com/uptrace/bun/extra/bundebug v1.2.1/go.mod h1:sfGKIi0HSGxsTC/sgIHGwpnYduHHYhdMeOIwurgSY+Y=
github.com/vmihailenco/msgpack/v5 v5.4.1 h1:cQriyiUvjTwOHg8QZaPihLWeRAAVoCpE00IUPn0Bjt8=
github.com/vmihailenco/msgpack/v5 v5.4.1/go.mod h1:GaZTsDaehaPpQVyxrf5mtQlH+pc21PIudVV/E3rRQok=
github.com/vmihailenco/tagparser/v2 v2.0.0 h1:y09buUbR+b5aycVFQs/g70pqKVZNBmxwAhO7/IwNM9g=
github.com/vmihailenco/tagparser/v2 v2.0.0/go.mod h1:Wri+At7QHww0WTrCBeu4J6bNtoV6mEfg5OIWRZA9qds=
golang.org/x/sys v0.0.0-20220811171246-fbc7d0a398ab/go.mod h1:oPkhp1MJrh7nUepCBck5+mAzfO9JrbApNNgaTdGDITg=
golang.org/x/sys v0.6.0/go.mod h1:oPkhp1MJrh7nUepCBck5+mAzfO9JrbApNNgaTdGDITg=
golang.org/x/sys v0.19.0 h1:q5f1RH2jigJ1MoAWp2KTp3gm5zAGFUTarQZ5U386+4o=
golang.org/x/sys v0.19.0/go.mod h1:/VUhepiaJMQUp4+oa/7Zr1D23ma6VTLIYjOOTFZPUcA=
